{
    "_meta": {
        "hash": {
            "sha256": "fec4453fb96b3ad1e716c011f96ce72dc9705fd6ad6b64674dfe77c16af2aa02"
        },
        "pipfile-spec": 6,
        "requires": {
            "python_version": "3.7"
        },
        "sources": [
            {
                "name": "pypi",
                "url": "https://pypi.org/simple",
                "verify_ssl": true
            }
        ]
    },
    "default": {
        "asgiref": {
            "hashes": [
                "sha256:7e51911ee147dd685c3c8b805c0ad0cb58d360987b56953878f8c06d2d1c6f1a",
                "sha256:9fc6fb5d39b8af147ba40765234fa822b39818b12cc80b35ad9b0cef3a476aed"
            ],
            "markers": "python_version >= '3.5'",
            "version": "==3.2.10"
        },
        "django": {
            "hashes": [
                "sha256:1a63f5bb6ff4d7c42f62a519edc2adbb37f9b78068a5a862beff858b68e3dc8b",
                "sha256:2d390268a13c655c97e0e2ede9d117007996db692c1bb93eabebd4fb7ea7012b"
            ],
            "index": "pypi",
            "version": "==3.1"
        },
        "pytz": {
            "hashes": [
                "sha256:1d8ce29db189191fb55338ee6d0387d82ab59f3d00eac103412d64e0ebd0c588",
                "sha256:a151b3abb88eda1d4e34a9814df37de2a80e301e68ba0fd856fb9b46bfbbbffb"
            ],
            "version": "==2023.3"
        },
        "sqlparse": {
            "hashes": [
                "sha256:0323c0ec29cd52bceabc1b4d9d579e311f3e4961b98d174201d5622a23b85e34",
                "sha256:69ca804846bb114d2ec380e4360a8a340db83f0ccf3afceeb1404df028f57268"
            ],
            "markers": "python_version >= '3.5'",
            "version": "==0.4.3"
        }
    },
    "develop": {}
}
